// !$*UTF8*$!
{
	archiveVersion = 1;
	classes = {
	};
	objectVersion = 48;
	objects = {

/* Begin PBXBuildFile section */
		0D1378F3BCCFEB1BE2066084 /* Pods_Tumblr.framework in Frameworks */ = {isa = PBXBuildFile; fileRef = 58E5718B43E3735E7B76A334 /* Pods_Tumblr.framework */; };
		42EA7CB0B9C221BEB9AB61DD /* Pods_TumblrUITests.framework in Frameworks */ = {isa = PBXBuildFile; fileRef = 94371777FF50E40B21BC5E3A /* Pods_TumblrUITests.framework */; };
		C5255E142030E845009438D7 /* PhotoDetailsViewController.swift in Sources */ = {isa = PBXBuildFile; fileRef = C5255E132030E845009438D7 /* PhotoDetailsViewController.swift */; };
		C53496F82027E391001480E6 /* PhotosViewController.swift in Sources */ = {isa = PBXBuildFile; fileRef = C53496F72027E391001480E6 /* PhotosViewController.swift */; };
		C53496FC2027E8BC001480E6 /* PhotoCell.swift in Sources */ = {isa = PBXBuildFile; fileRef = C53496FB2027E8BC001480E6 /* PhotoCell.swift */; };
		C539373C2027BC1200AC88A2 /* AppDelegate.swift in Sources */ = {isa = PBXBuildFile; fileRef = C539373B2027BC1200AC88A2 /* AppDelegate.swift */; };
		C53937412027BC1200AC88A2 /* Main.storyboard in Resources */ = {isa = PBXBuildFile; fileRef = C539373F2027BC1200AC88A2 /* Main.storyboard */; };
		C53937432027BC1200AC88A2 /* Assets.xcassets in Resources */ = {isa = PBXBuildFile; fileRef = C53937422027BC1200AC88A2 /* Assets.xcassets */; };
		C53937462027BC1200AC88A2 /* LaunchScreen.storyboard in Resources */ = {isa = PBXBuildFile; fileRef = C53937442027BC1200AC88A2 /* LaunchScreen.storyboard */; };
		C53937512027BC1200AC88A2 /* TumblrUITests.swift in Sources */ = {isa = PBXBuildFile; fileRef = C53937502027BC1200AC88A2 /* TumblrUITests.swift */; };
/* End PBXBuildFile section */

/* Begin PBXContainerItemProxy section */
		C539374D2027BC1200AC88A2 /* PBXContainerItemProxy */ = {
			isa = PBXContainerItemProxy;
			containerPortal = C53937302027BC1200AC88A2 /* Project object */;
			proxyType = 1;
			remoteGlobalIDString = C53937372027BC1200AC88A2;
			remoteInfo = Tumblr;
		};
/* End PBXContainerItemProxy section */

/* Begin PBXFileReference section */
		3AE136C1BB57694D3F70D30C /* Pods-Tumblr.debug.xcconfig */ = {isa = PBXFileReference; includeInIndex = 1; lastKnownFileType = text.xcconfig; name = "Pods-Tumblr.debug.xcconfig"; path = "Pods/Target Support Files/Pods-Tumblr/Pods-Tumblr.debug.xcconfig"; sourceTree = "<group>"; };
		58E5718B43E3735E7B76A334 /* Pods_Tumblr.framework */ = {isa = PBXFileReference; explicitFileType = wrapper.framework; includeInIndex = 0; path = Pods_Tumblr.framework; sourceTree = BUILT_PRODUCTS_DIR; };
		6D2A7E94C0B702E0D50093E4 /* Pods-TumblrUITests.release.xcconfig */ = {isa = PBXFileReference; includeInIndex = 1; lastKnownFileType = text.xcconfig; name = "Pods-TumblrUITests.release.xcconfig"; path = "Pods/Target Support Files/Pods-TumblrUITests/Pods-TumblrUITests.release.xcconfig"; sourceTree = "<group>"; };
		94371777FF50E40B21BC5E3A /* Pods_TumblrUITests.framework */ = {isa = PBXFileReference; explicitFileType = wrapper.framework; includeInIndex = 0; path = Pods_TumblrUITests.framework; sourceTree = BUILT_PRODUCTS_DIR; };
		C5255E132030E845009438D7 /* PhotoDetailsViewController.swift */ = {isa = PBXFileReference; lastKnownFileType = sourcecode.swift; path = PhotoDetailsViewController.swift; sourceTree = "<group>"; };
		C53496F72027E391001480E6 /* PhotosViewController.swift */ = {isa = PBXFileReference; lastKnownFileType = sourcecode.swift; path = PhotosViewController.swift; sourceTree = "<group>"; };
		C53496FB2027E8BC001480E6 /* PhotoCell.swift */ = {isa = PBXFileReference; lastKnownFileType = sourcecode.swift; path = PhotoCell.swift; sourceTree = "<group>"; };
		C53937382027BC1200AC88A2 /* Tumblr.app */ = {isa = PBXFileReference; explicitFileType = wrapper.application; includeInIndex = 0; path = Tumblr.app; sourceTree = BUILT_PRODUCTS_DIR; };
		C539373B2027BC1200AC88A2 /* AppDelegate.swift */ = {isa = PBXFileReference; lastKnownFileType = sourcecode.swift; path = AppDelegate.swift; sourceTree = "<group>"; };
		C53937402027BC1200AC88A2 /* Base */ = {isa = PBXFileReference; lastKnownFileType = file.storyboard; name = Base; path = Base.lproj/Main.storyboard; sourceTree = "<group>"; };
		C53937422027BC1200AC88A2 /* Assets.xcassets */ = {isa = PBXFileReference; lastKnownFileType = folder.assetcatalog; path = Assets.xcassets; sourceTree = "<group>"; };
		C53937452027BC1200AC88A2 /* Base */ = {isa = PBXFileReference; lastKnownFileType = file.storyboard; name = Base; path = Base.lproj/LaunchScreen.storyboard; sourceTree = "<group>"; };
		C53937472027BC1200AC88A2 /* Info.plist */ = {isa = PBXFileReference; lastKnownFileType = text.plist.xml; path = Info.plist; sourceTree = "<group>"; };
		C539374C2027BC1200AC88A2 /* TumblrUITests.xctest */ = {isa = PBXFileReference; explicitFileType = wrapper.cfbundle; includeInIndex = 0; path = TumblrUITests.xctest; sourceTree = BUILT_PRODUCTS_DIR; };
		C53937502027BC1200AC88A2 /* TumblrUITests.swift */ = {isa = PBXFileReference; lastKnownFileType = sourcecode.swift; path = TumblrUITests.swift; sourceTree = "<group>"; };
		C53937522027BC1200AC88A2 /* Info.plist */ = {isa = PBXFileReference; lastKnownFileType = text.plist.xml; path = Info.plist; sourceTree = "<group>"; };
		E37AB28823817F05180D4224 /* Pods-Tumblr.release.xcconfig */ = {isa = PBXFileReference; includeInIndex = 1; lastKnownFileType = text.xcconfig; name = "Pods-Tumblr.release.xcconfig"; path = "Pods/Target Support Files/Pods-Tumblr/Pods-Tumblr.release.xcconfig"; sourceTree = "<group>"; };
		FC05EFD9160004002FEA2F3F /* Pods-TumblrUITests.debug.xcconfig */ = {isa = PBXFileReference; includeInIndex = 1; lastKnownFileType = text.xcconfig; name = "Pods-TumblrUITests.debug.xcconfig"; path = "Pods/Target Support Files/Pods-TumblrUITests/Pods-TumblrUITests.debug.xcconfig"; sourceTree = "<group>"; };
/* End PBXFileReference section */

/* Begin PBXFrameworksBuildPhase section */
		C53937352027BC1200AC88A2 /* Frameworks */ = {
			isa = PBXFrameworksBuildPhase;
			buildActionMask = 2147483647;
			files = (
				0D1378F3BCCFEB1BE2066084 /* Pods_Tumblr.framework in Frameworks */,
			);
			runOnlyForDeploymentPostprocessing = 0;
		};
		C53937492027BC1200AC88A2 /* Frameworks */ = {
			isa = PBXFrameworksBuildPhase;
			buildActionMask = 2147483647;
			files = (
				42EA7CB0B9C221BEB9AB61DD /* Pods_TumblrUITests.framework in Frameworks */,
			);
			runOnlyForDeploymentPostprocessing = 0;
		};
/* End PBXFrameworksBuildPhase section */

/* Begin PBXGroup section */
		3473060E8098B8EDA879CA82 /* Frameworks */ = {
			isa = PBXGroup;
			children = (
				58E5718B43E3735E7B76A334 /* Pods_Tumblr.framework */,
				94371777FF50E40B21BC5E3A /* Pods_TumblrUITests.framework */,
			);
			name = Frameworks;
			sourceTree = "<group>";
		};
		C5255E112030E7F9009438D7 /* Views */ = {
			isa = PBXGroup;
			children = (
				C53496FB2027E8BC001480E6 /* PhotoCell.swift */,
			);
			path = Views;
			sourceTree = "<group>";
		};
		C5255E122030E801009438D7 /* ViewControllers */ = {
			isa = PBXGroup;
			children = (
				C53496F72027E391001480E6 /* PhotosViewController.swift */,
				C5255E132030E845009438D7 /* PhotoDetailsViewController.swift */,
			);
			path = ViewControllers;
			sourceTree = "<group>";
		};
		C539372F2027BC1200AC88A2 = {
			isa = PBXGroup;
			children = (
				C539373A2027BC1200AC88A2 /* Tumblr */,
				C539374F2027BC1200AC88A2 /* TumblrUITests */,
				C53937392027BC1200AC88A2 /* Products */,
				D9F1F3A3FF7B10E670C9BE54 /* Pods */,
				3473060E8098B8EDA879CA82 /* Frameworks */,
			);
			sourceTree = "<group>";
		};
		C53937392027BC1200AC88A2 /* Products */ = {
			isa = PBXGroup;
			children = (
				C53937382027BC1200AC88A2 /* Tumblr.app */,
				C539374C2027BC1200AC88A2 /* TumblrUITests.xctest */,
			);
			name = Products;
			sourceTree = "<group>";
		};
		C539373A2027BC1200AC88A2 /* Tumblr */ = {
			isa = PBXGroup;
			children = (
				C5255E122030E801009438D7 /* ViewControllers */,
				C5255E112030E7F9009438D7 /* Views */,
				C539373B2027BC1200AC88A2 /* AppDelegate.swift */,
				C539373F2027BC1200AC88A2 /* Main.storyboard */,
				C53937422027BC1200AC88A2 /* Assets.xcassets */,
				C53937442027BC1200AC88A2 /* LaunchScreen.storyboard */,
				C53937472027BC1200AC88A2 /* Info.plist */,
			);
			path = Tumblr;
			sourceTree = "<group>";
		};
		C539374F2027BC1200AC88A2 /* TumblrUITests */ = {
			isa = PBXGroup;
			children = (
				C53937502027BC1200AC88A2 /* TumblrUITests.swift */,
				C53937522027BC1200AC88A2 /* Info.plist */,
			);
			path = TumblrUITests;
			sourceTree = "<group>";
		};
		D9F1F3A3FF7B10E670C9BE54 /* Pods */ = {
			isa = PBXGroup;
			children = (
				3AE136C1BB57694D3F70D30C /* Pods-Tumblr.debug.xcconfig */,
				E37AB28823817F05180D4224 /* Pods-Tumblr.release.xcconfig */,
				FC05EFD9160004002FEA2F3F /* Pods-TumblrUITests.debug.xcconfig */,
				6D2A7E94C0B702E0D50093E4 /* Pods-TumblrUITests.release.xcconfig */,
			);
			name = Pods;
			sourceTree = "<group>";
		};
/* End PBXGroup section */

/* Begin PBXNativeTarget section */
		C53937372027BC1200AC88A2 /* Tumblr */ = {
			isa = PBXNativeTarget;
			buildConfigurationList = C53937552027BC1200AC88A2 /* Build configuration list for PBXNativeTarget "Tumblr" */;
			buildPhases = (
				B3187599EE2741BF0F6EF940 /* [CP] Check Pods Manifest.lock */,
				C53937342027BC1200AC88A2 /* Sources */,
				C53937352027BC1200AC88A2 /* Frameworks */,
				C53937362027BC1200AC88A2 /* Resources */,
				6F48FDBDC2092832284A82F1 /* [CP] Embed Pods Frameworks */,
				67E73C9EBCBF1650CCA7C37D /* [CP] Copy Pods Resources */,
			);
			buildRules = (
			);
			dependencies = (
			);
			name = Tumblr;
			productName = Tumblr;
			productReference = C53937382027BC1200AC88A2 /* Tumblr.app */;
			productType = "com.apple.product-type.application";
		};
		C539374B2027BC1200AC88A2 /* TumblrUITests */ = {
			isa = PBXNativeTarget;
			buildConfigurationList = C53937582027BC1200AC88A2 /* Build configuration list for PBXNativeTarget "TumblrUITests" */;
			buildPhases = (
				4431E7E94E57B04F9F315102 /* [CP] Check Pods Manifest.lock */,
				C53937482027BC1200AC88A2 /* Sources */,
				C53937492027BC1200AC88A2 /* Frameworks */,
				C539374A2027BC1200AC88A2 /* Resources */,
				FC3F5437C4D4D0F73353AE76 /* [CP] Embed Pods Frameworks */,
				83EF72E1F9154B0EA054D6AA /* [CP] Copy Pods Resources */,
			);
			buildRules = (
			);
			dependencies = (
				C539374E2027BC1200AC88A2 /* PBXTargetDependency */,
			);
			name = TumblrUITests;
			productName = TumblrUITests;
			productReference = C539374C2027BC1200AC88A2 /* TumblrUITests.xctest */;
			productType = "com.apple.product-type.bundle.ui-testing";
		};
/* End PBXNativeTarget section */

/* Begin PBXProject section */
		C53937302027BC1200AC88A2 /* Project object */ = {
			isa = PBXProject;
			attributes = {
				LastSwiftUpdateCheck = 0920;
				LastUpgradeCheck = 0920;
				ORGANIZATIONNAME = "Kode Williams";
				TargetAttributes = {
					C53937372027BC1200AC88A2 = {
						CreatedOnToolsVersion = 9.2;
						ProvisioningStyle = Automatic;
					};
					C539374B2027BC1200AC88A2 = {
						CreatedOnToolsVersion = 9.2;
						ProvisioningStyle = Automatic;
						TestTargetID = C53937372027BC1200AC88A2;
					};
				};
			};
			buildConfigurationList = C53937332027BC1200AC88A2 /* Build configuration list for PBXProject "Tumblr" */;
			compatibilityVersion = "Xcode 8.0";
			developmentRegion = en;
			hasScannedForEncodings = 0;
			knownRegions = (
				en,
				Base,
			);
			mainGroup = C539372F2027BC1200AC88A2;
			productRefGroup = C53937392027BC1200AC88A2 /* Products */;
			projectDirPath = "";
			projectRoot = "";
			targets = (
				C53937372027BC1200AC88A2 /* Tumblr */,
				C539374B2027BC1200AC88A2 /* TumblrUITests */,
			);
		};
/* End PBXProject section */

/* Begin PBXResourcesBuildPhase section */
		C53937362027BC1200AC88A2 /* Resources */ = {
			isa = PBXResourcesBuildPhase;
			buildActionMask = 2147483647;
			files = (
				C53937462027BC1200AC88A2 /* LaunchScreen.storyboard in Resources */,
				C53937432027BC1200AC88A2 /* Assets.xcassets in Resources */,
				C53937412027BC1200AC88A2 /* Main.storyboard in Resources */,
			);
			runOnlyForDeploymentPostprocessing = 0;
		};
		C539374A2027BC1200AC88A2 /* Resources */ = {
			isa = PBXResourcesBuildPhase;
			buildActionMask = 2147483647;
			files = (
			);
			runOnlyForDeploymentPostprocessing = 0;
		};
/* End PBXResourcesBuildPhase section */

/* Begin PBXShellScriptBuildPhase section */
		4431E7E94E57B04F9F315102 /* [CP] Check Pods Manifest.lock */ = {
			isa = PBXShellScriptBuildPhase;
			buildActionMask = 2147483647;
			files = (
			);
			inputPaths = (
				"${PODS_PODFILE_DIR_PATH}/Podfile.lock",
				"${PODS_ROOT}/Manifest.lock",
			);
			name = "[CP] Check Pods Manifest.lock";
			outputPaths = (
				"$(DERIVED_FILE_DIR)/Pods-TumblrUITests-checkManifestLockResult.txt",
			);
			runOnlyForDeploymentPostprocessing = 0;
			shellPath = /bin/sh;
			shellScript = "diff \"${PODS_PODFILE_DIR_PATH}/Podfile.lock\" \"${PODS_ROOT}/Manifest.lock\" > /dev/null\nif [ $? != 0 ] ; then\n    # print error to STDERR\n    echo \"error: The sandbox is not in sync with the Podfile.lock. Run 'pod install' or update your CocoaPods installation.\" >&2\n    exit 1\nfi\n# This output is used by Xcode 'outputs' to avoid re-running this script phase.\necho \"SUCCESS\" > \"${SCRIPT_OUTPUT_FILE_0}\"\n";
			showEnvVarsInLog = 0;
		};
		67E73C9EBCBF1650CCA7C37D /* [CP] Copy Pods Resources */ = {
			isa = PBXShellScriptBuildPhase;
			buildActionMask = 2147483647;
			files = (
			);
			inputPaths = (
			);
			name = "[CP] Copy Pods Resources";
			outputPaths = (
			);
			runOnlyForDeploymentPostprocessing = 0;
			shellPath = /bin/sh;
			shellScript = "\"${SRCROOT}/Pods/Target Support Files/Pods-Tumblr/Pods-Tumblr-resources.sh\"\n";
			showEnvVarsInLog = 0;
		};
		6F48FDBDC2092832284A82F1 /* [CP] Embed Pods Frameworks */ = {
			isa = PBXShellScriptBuildPhase;
			buildActionMask = 2147483647;
			files = (
			);
			inputPaths = (
				"${SRCROOT}/Pods/Target Support Files/Pods-Tumblr/Pods-Tumblr-frameworks.sh",
				"${BUILT_PRODUCTS_DIR}/Alamofire/Alamofire.framework",
				"${BUILT_PRODUCTS_DIR}/AlamofireImage/AlamofireImage.framework",
			);
			name = "[CP] Embed Pods Frameworks";
			outputPaths = (
				"${TARGET_BUILD_DIR}/${FRAMEWORKS_FOLDER_PATH}/Alamofire.framework",
				"${TARGET_BUILD_DIR}/${FRAMEWORKS_FOLDER_PATH}/AlamofireImage.framework",
			);
			runOnlyForDeploymentPostprocessing = 0;
			shellPath = /bin/sh;
			shellScript = "\"${SRCROOT}/Pods/Target Support Files/Pods-Tumblr/Pods-Tumblr-frameworks.sh\"\n";
			showEnvVarsInLog = 0;
		};
		83EF72E1F9154B0EA054D6AA /* [CP] Copy Pods Resources */ = {
			isa = PBXShellScriptBuildPhase;
			buildActionMask = 2147483647;
			files = (
			);
			inputPaths = (
			);
			name = "[CP] Copy Pods Resources";
			outputPaths = (
			);
			runOnlyForDeploymentPostprocessing = 0;
			shellPath = /bin/sh;
			shellScript = "\"${SRCROOT}/Pods/Target Support Files/Pods-TumblrUITests/Pods-TumblrUITests-resources.sh\"\n";
			showEnvVarsInLog = 0;
		};
		B3187599EE2741BF0F6EF940 /* [CP] Check Pods Manifest.lock */ = {
			isa = PBXShellScriptBuildPhase;
			buildActionMask = 2147483647;
			files = (
			);
			inputPaths = (
				"${PODS_PODFILE_DIR_PATH}/Podfile.lock",
				"${PODS_ROOT}/Manifest.lock",
			);
			name = "[CP] Check Pods Manifest.lock";
			outputPaths = (
				"$(DERIVED_FILE_DIR)/Pods-Tumblr-checkManifestLockResult.txt",
			);
			runOnlyForDeploymentPostprocessing = 0;
			shellPath = /bin/sh;
			shellScript = "diff \"${PODS_PODFILE_DIR_PATH}/Podfile.lock\" \"${PODS_ROOT}/Manifest.lock\" > /dev/null\nif [ $? != 0 ] ; then\n    # print error to STDERR\n    echo \"error: The sandbox is not in sync with the Podfile.lock. Run 'pod install' or update your CocoaPods installation.\" >&2\n    exit 1\nfi\n# This output is used by Xcode 'outputs' to avoid re-running this script phase.\necho \"SUCCESS\" > \"${SCRIPT_OUTPUT_FILE_0}\"\n";
			showEnvVarsInLog = 0;
		};
		FC3F5437C4D4D0F73353AE76 /* [CP] Embed Pods Frameworks */ = {
			isa = PBXShellScriptBuildPhase;
			buildActionMask = 2147483647;
			files = (
			);
			inputPaths = (
			);
			name = "[CP] Embed Pods Frameworks";
			outputPaths = (
			);
			runOnlyForDeploymentPostprocessing = 0;
			shellPath = /bin/sh;
			shellScript = "\"${SRCROOT}/Pods/Target Support Files/Pods-TumblrUITests/Pods-TumblrUITests-frameworks.sh\"\n";
			showEnvVarsInLog = 0;
		};
/* End PBXShellScriptBuildPhase section */

/* Begin PBXSourcesBuildPhase section */
		C53937342027BC1200AC88A2 /* Sources */ = {
			isa = PBXSourcesBuildPhase;
			buildActionMask = 2147483647;
			files = (
				C5255E142030E845009438D7 /* PhotoDetailsViewController.swift in Sources */,
				C539373C2027BC1200AC88A2 /* AppDelegate.swift in Sources */,
				C53496FC2027E8BC001480E6 /* PhotoCell.swift in Sources */,
				C53496F82027E391001480E6 /* PhotosViewController.swift in Sources */,
			);
			runOnlyForDeploymentPostprocessing = 0;
		};
		C53937482027BC1200AC88A2 /* Sources */ = {
			isa = PBXSourcesBuildPhase;
			buildActionMask = 2147483647;
			files = (
				C53937512027BC1200AC88A2 /* TumblrUITests.swift in Sources */,
			);
			runOnlyForDeploymentPostprocessing = 0;
		};
/* End PBXSourcesBuildPhase section */

/* Begin PBXTargetDependency section */
		C539374E2027BC1200AC88A2 /* PBXTargetDependency */ = {
			isa = PBXTargetDependency;
			target = C53937372027BC1200AC88A2 /* Tumblr */;
			targetProxy = C539374D2027BC1200AC88A2 /* PBXContainerItemProxy */;
		};
/* End PBXTargetDependency section */

/* Begin PBXVariantGroup section */
		C539373F2027BC1200AC88A2 /* Main.storyboard */ = {
			isa = PBXVariantGroup;
			children = (
				C53937402027BC1200AC88A2 /* Base */,
			);
			name = Main.storyboard;
			sourceTree = "<group>";
		};
		C53937442027BC1200AC88A2 /* LaunchScreen.storyboard */ = {
			isa = PBXVariantGroup;
			children = (
				C53937452027BC1200AC88A2 /* Base */,
			);
			name = LaunchScreen.storyboard;
			sourceTree = "<group>";
		};
/* End PBXVariantGroup section */

/* Begin XCBuildConfiguration section */
		C53937532027BC1200AC88A2 /* Debug */ = {
			isa = XCBuildConfiguration;
			buildSettings = {
				ALWAYS_SEARCH_USER_PATHS = NO;
				CLANG_ANALYZER_NONNULL = YES;
				CLANG_ANALYZER_NUMBER_OBJECT_CONVERSION = YES_AGGRESSIVE;
				CLANG_CXX_LANGUAGE_STANDARD = "gnu++14";
				CLANG_CXX_LIBRARY = "libc++";
				CLANG_ENABLE_MODULES = YES;
				CLANG_ENABLE_OBJC_ARC = YES;
				CLANG_WARN_BLOCK_CAPTURE_AUTORELEASING = YES;
				CLANG_WARN_BOOL_CONVERSION = YES;
				CLANG_WARN_COMMA = YES;
				CLANG_WARN_CONSTANT_CONVERSION = YES;
				CLANG_WARN_DIRECT_OBJC_ISA_USAGE = YES_ERROR;
				CLANG_WARN_DOCUMENTATION_COMMENTS = YES;
				CLANG_WARN_EMPTY_BODY = YES;
				CLANG_WARN_ENUM_CONVERSION = YES;
				CLANG_WARN_INFINITE_RECURSION = YES;
				CLANG_WARN_INT_CONVERSION = YES;
				CLANG_WARN_NON_LITERAL_NULL_CONVERSION = YES;
				CLANG_WARN_OBJC_LITERAL_CONVERSION = YES;
				CLANG_WARN_OBJC_ROOT_CLASS = YES_ERROR;
				CLANG_WARN_RANGE_LOOP_ANALYSIS = YES;
				CLANG_WARN_STRICT_PROTOTYPES = YES;
				CLANG_WARN_SUSPICIOUS_MOVE = YES;
				CLANG_WARN_UNGUARDED_AVAILABILITY = YES_AGGRESSIVE;
				CLANG_WARN_UNREACHABLE_CODE = YES;
				CLANG_WARN__DUPLICATE_METHOD_MATCH = YES;
				CODE_SIGN_IDENTITY = "iPhone Developer";
				COPY_PHASE_STRIP = NO;
				DEBUG_INFORMATION_FORMAT = dwarf;
				ENABLE_STRICT_OBJC_MSGSEND = YES;
				ENABLE_TESTABILITY = YES;
				GCC_C_LANGUAGE_STANDARD = gnu11;
				GCC_DYNAMIC_NO_PIC = NO;
				GCC_NO_COMMON_BLOCKS = YES;
				GCC_OPTIMIZATION_LEVEL = 0;
				GCC_PREPROCESSOR_DEFINITIONS = (
					"DEBUG=1",
					"$(inherited)",
				);
				GCC_WARN_64_TO_32_BIT_CONVERSION = YES;
				GCC_WARN_ABOUT_RETURN_TYPE = YES_ERROR;
				GCC_WARN_UNDECLARED_SELECTOR = YES;
				GCC_WARN_UNINITIALIZED_AUTOS = YES_AGGRESSIVE;
				GCC_WARN_UNUSED_FUNCTION = YES;
				GCC_WARN_UNUSED_VARIABLE = YES;
				IPHONEOS_DEPLOYMENT_TARGET = 11.2;
				MTL_ENABLE_DEBUG_INFO = YES;
				ONLY_ACTIVE_ARCH = YES;
				SDKROOT = iphoneos;
				SWIFT_ACTIVE_COMPILATION_CONDITIONS = DEBUG;
				SWIFT_OPTIMIZATION_LEVEL = "-Onone";
			};
			name = Debug;
		};
		C53937542027BC1200AC88A2 /* Release */ = {
			isa = XCBuildConfiguration;
			buildSettings = {
				ALWAYS_SEARCH_USER_PATHS = NO;
				CLANG_ANALYZER_NONNULL = YES;
				CLANG_ANALYZER_NUMBER_OBJECT_CONVERSION = YES_AGGRESSIVE;
				CLANG_CXX_LANGUAGE_STANDARD = "gnu++14";
				CLANG_CXX_LIBRARY = "libc++";
				CLANG_ENABLE_MODULES = YES;
				CLANG_ENABLE_OBJC_ARC = YES;
				CLANG_WARN_BLOCK_CAPTURE_AUTORELEASING = YES;
				CLANG_WARN_BOOL_CONVERSION = YES;
				CLANG_WARN_COMMA = YES;
				CLANG_WARN_CONSTANT_CONVERSION = YES;
				CLANG_WARN_DIRECT_OBJC_ISA_USAGE = YES_ERROR;
				CLANG_WARN_DOCUMENTATION_COMMENTS = YES;
				CLANG_WARN_EMPTY_BODY = YES;
				CLANG_WARN_ENUM_CONVERSION = YES;
				CLANG_WARN_INFINITE_RECURSION = YES;
				CLANG_WARN_INT_CONVERSION = YES;
				CLANG_WARN_NON_LITERAL_NULL_CONVERSION = YES;
				CLANG_WARN_OBJC_LITERAL_CONVERSION = YES;
				CLANG_WARN_OBJC_ROOT_CLASS = YES_ERROR;
				CLANG_WARN_RANGE_LOOP_ANALYSIS = YES;
				CLANG_WARN_STRICT_PROTOTYPES = YES;
				CLANG_WARN_SUSPICIOUS_MOVE = YES;
				CLANG_WARN_UNGUARDED_AVAILABILITY = YES_AGGRESSIVE;
				CLANG_WARN_UNREACHABLE_CODE = YES;
				CLANG_WARN__DUPLICATE_METHOD_MATCH = YES;
				CODE_SIGN_IDENTITY = "iPhone Developer";
				COPY_PHASE_STRIP = NO;
				DEBUG_INFORMATION_FORMAT = "dwarf-with-dsym";
				ENABLE_NS_ASSERTIONS = NO;
				ENABLE_STRICT_OBJC_MSGSEND = YES;
				GCC_C_LANGUAGE_STANDARD = gnu11;
				GCC_NO_COMMON_BLOCKS = YES;
				GCC_WARN_64_TO_32_BIT_CONVERSION = YES;
				GCC_WARN_ABOUT_RETURN_TYPE = YES_ERROR;
				GCC_WARN_UNDECLARED_SELECTOR = YES;
				GCC_WARN_UNINITIALIZED_AUTOS = YES_AGGRESSIVE;
				GCC_WARN_UNUSED_FUNCTION = YES;
				GCC_WARN_UNUSED_VARIABLE = YES;
				IPHONEOS_DEPLOYMENT_TARGET = 11.2;
				MTL_ENABLE_DEBUG_INFO = NO;
				SDKROOT = iphoneos;
				SWIFT_OPTIMIZATION_LEVEL = "-Owholemodule";
				VALIDATE_PRODUCT = YES;
			};
			name = Release;
		};
		C53937562027BC1200AC88A2 /* Debug */ = {
			isa = XCBuildConfiguration;
			baseConfigurationReference = 3AE136C1BB57694D3F70D30C /* Pods-Tumblr.debug.xcconfig */;
			buildSettings = {
				ASSETCATALOG_COMPILER_APPICON_NAME = AppIcon;
				CODE_SIGN_STYLE = Automatic;
				DEVELOPMENT_TEAM = R4MMVYK5MS;
				INFOPLIST_FILE = Tumblr/Info.plist;
				LD_RUNPATH_SEARCH_PATHS = "$(inherited) @executable_path/Frameworks";
				PRODUCT_BUNDLE_IDENTIFIER = com.kodewilliams.Tumblr;
				PRODUCT_NAME = "$(TARGET_NAME)";
				SWIFT_VERSION = 4.0;
				TARGETED_DEVICE_FAMILY = "1,2";
			};
			name = Debug;
		};
		C53937572027BC1200AC88A2 /* Release */ = {
			isa = XCBuildConfiguration;
			baseConfigurationReference = E37AB28823817F05180D4224 /* Pods-Tumblr.release.xcconfig */;
			buildSettings = {
				ASSETCATALOG_COMPILER_APPICON_NAME = AppIcon;
				CODE_SIGN_STYLE = Automatic;
				DEVELOPMENT_TEAM = R4MMVYK5MS;
				INFOPLIST_FILE = Tumblr/Info.plist;
				LD_RUNPATH_SEARCH_PATHS = "$(inherited) @executable_path/Frameworks";
				PRODUCT_BUNDLE_IDENTIFIER = com.kodewilliams.Tumblr;
				PRODUCT_NAME = "$(TARGET_NAME)";
				SWIFT_VERSION = 4.0;
				TARGETED_DEVICE_FAMILY = "1,2";
			};
			name = Release;
		};
		C53937592027BC1200AC88A2 /* Debug */ = {
			isa = XCBuildConfiguration;
			baseConfigurationReference = FC05EFD9160004002FEA2F3F /* Pods-TumblrUITests.debug.xcconfig */;
			buildSettings = {
				ALWAYS_EMBED_SWIFT_STANDARD_LIBRARIES = YES;
				CODE_SIGN_STYLE = Automatic;
				DEVELOPMENT_TEAM = R4MMVYK5MS;
				INFOPLIST_FILE = TumblrUITests/Info.plist;
				LD_RUNPATH_SEARCH_PATHS = "$(inherited) @executable_path/Frameworks @loader_path/Frameworks";
				PRODUCT_BUNDLE_IDENTIFIER = com.kodewilliams.TumblrUITests;
				PRODUCT_NAME = "$(TARGET_NAME)";
				SWIFT_VERSION = 4.0;
				TARGETED_DEVICE_FAMILY = "1,2";
				TEST_TARGET_NAME = Tumblr;
			};
			name = Debug;
		};
		C539375A2027BC1200AC88A2 /* Release */ = {
			isa = XCBuildConfiguration;
			baseConfigurationReference = 6D2A7E94C0B702E0D50093E4 /* Pods-TumblrUITests.release.xcconfig */;
			buildSettings = {
				ALWAYS_EMBED_SWIFT_STANDARD_LIBRARIES = YES;
				CODE_SIGN_STYLE = Automatic;
				DEVELOPMENT_TEAM = R4MMVYK5MS;
				INFOPLIST_FILE = TumblrUITests/Info.plist;
				LD_RUNPATH_SEARCH_PATHS = "$(inherited) @executable_path/Frameworks @loader_path/Frameworks";
				PRODUCT_BUNDLE_IDENTIFIER = com.kodewilliams.TumblrUITests;
				PRODUCT_NAME = "$(TARGET_NAME)";
				SWIFT_VERSION = 4.0;
				TARGETED_DEVICE_FAMILY = "1,2";
				TEST_TARGET_NAME = Tumblr;
			};
			name = Release;
		};
/* End XCBuildConfiguration section */

/* Begin XCConfigurationList section */
		C53937332027BC1200AC88A2 /* Build configuration list for PBXProject "Tumblr" */ = {
			isa = XCConfigurationList;
			buildConfigurations = (
				C53937532027BC1200AC88A2 /* Debug */,
				C53937542027BC1200AC88A2 /* Release */,
			);
			defaultConfigurationIsVisible = 0;
			defaultConfigurationName = Release;
		};
		C53937552027BC1200AC88A2 /* Build configuration list for PBXNativeTarget "Tumblr" */ = {
			isa = XCConfigurationList;
			buildConfigurations = (
				C53937562027BC1200AC88A2 /* Debug */,
				C53937572027BC1200AC88A2 /* Release */,
			);
			defaultConfigurationIsVisible = 0;
			defaultConfigurationName = Release;
		};
		C53937582027BC1200AC88A2 /* Build configuration list for PBXNativeTarget "TumblrUITests" */ = {
			isa = XCConfigurationList;
			buildConfigurations = (
				C53937592027BC1200AC88A2 /* Debug */,
				C539375A2027BC1200AC88A2 /* Release */,
			);
			defaultConfigurationIsVisible = 0;
			defaultConfigurationName = Release;
		};
/* End XCConfigurationList section */
	};
	rootObject = C53937302027BC1200AC88A2 /* Project object */;
}
